
Microsoft Visual Studio Solution File, Format Version 12.00
# Visual Studio Version 16
VisualStudioVersion = 16.0.32901.82
MinimumVisualStudioVersion = 10.0.40219.1
Project("{2150E333-8FDC-42A3-9474-1A3956D46DE8}") = "0. Solution Items", "0. Solution Items", "{DAC78B79-0097-4F8D-8303-C6600DB9AD10}"
	ProjectSection(SolutionItems) = preProject
		README.md = README.md
	EndProjectSection
EndProject
Project("{2150E333-8FDC-42A3-9474-1A3956D46DE8}") = "1. Infastructer", "1. Infastructer", "{83CC50AB-3477-4E5B-A625-D09BD0207863}"
EndProject
Project("{2150E333-8FDC-42A3-9474-1A3956D46DE8}") = "2. Domain", "2. Domain", "{6380085D-A94F-4826-8583-0E2743DE3FC4}"
EndProject
Project("{2150E333-8FDC-42A3-9474-1A3956D46DE8}") = "3. Host", "3. Host", "{E598A110-ABF3-4321-A803-33F213417344}"
EndProject
Project("{9A19103F-16F7-4668-BE54-9A1E7A4F7556}") = "eIMIC223925.DATA", "eIMIC223925.DATA\eIMIC223925.DATA.csproj", "{BA3C8724-84A4-433E-A2E1-0D510EE4D0DE}"
EndProject
Project("{9A19103F-16F7-4668-BE54-9A1E7A4F7556}") = "eIMIC223925.Application", "eIMIC223925.Application\eIMIC223925.Application.csproj", "{1809FC87-9634-4152-B56F-778F3B2E0328}"
EndProject
Project("{9A19103F-16F7-4668-BE54-9A1E7A4F7556}") = "eIMIC223925.ViewModels", "eIMIC223925.ViewModels\eIMIC223925.ViewModels.csproj", "{A05DFB4E-6776-4CD1-8C86-6D9EE100EC12}"
EndProject
Project("{9A19103F-16F7-4668-BE54-9A1E7A4F7556}") = "eIMIC223925.Utilities", "eIMIC223925.Utilities\eIMIC223925.Utilities.csproj", "{A0435338-44B9-4983-939D-2F471230E117}"
EndProject
Project("{9A19103F-16F7-4668-BE54-9A1E7A4F7556}") = "eIMIC223925.BackendAPI", "eIMIC223925.BackendAPI\eIMIC223925.BackendAPI.csproj", "{02B403F3-41AC-44AB-A523-445DA11DB923}"
EndProject
Project("{9A19103F-16F7-4668-BE54-9A1E7A4F7556}") = "eIMIC223925.WebApp", "eIMIC223925.WebApp\eIMIC223925.WebApp.csproj", "{D81AE2B7-BA54-4DF9-B502-2805DB8E3295}"
EndProject
Project("{FAE04EC0-301F-11D3-BF4B-00C04F79EFBC}") = "eIMIC223925.AdminApp", "eIMIC223925.AdminApp\eIMIC223925.AdminApp.csproj", "{860DF653-0617-423A-9C85-375D878C02F0}"
EndProject
Global
	GlobalSection(SolutionConfigurationPlatforms) = preSolution
		Debug|Any CPU = Debug|Any CPU
		Release|Any CPU = Release|Any CPU
	EndGlobalSection
	GlobalSection(ProjectConfigurationPlatforms) = postSolution
		{BA3C8724-84A4-433E-A2E1-0D510EE4D0DE}.Debug|Any CPU.ActiveCfg = Debug|Any CPU
		{BA3C8724-84A4-433E-A2E1-0D510EE4D0DE}.Debug|Any CPU.Build.0 = Debug|Any CPU
		{BA3C8724-84A4-433E-A2E1-0D510EE4D0DE}.Release|Any CPU.ActiveCfg = Release|Any CPU
		{BA3C8724-84A4-433E-A2E1-0D510EE4D0DE}.Release|Any CPU.Build.0 = Release|Any CPU
		{1809FC87-9634-4152-B56F-778F3B2E0328}.Debug|Any CPU.ActiveCfg = Debug|Any CPU
		{1809FC87-9634-4152-B56F-778F3B2E0328}.Debug|Any CPU.Build.0 = Debug|Any CPU
		{1809FC87-9634-4152-B56F-778F3B2E0328}.Release|Any CPU.ActiveCfg = Release|Any CPU
		{1809FC87-9634-4152-B56F-778F3B2E0328}.Release|Any CPU.Build.0 = Release|Any CPU
		{A05DFB4E-6776-4CD1-8C86-6D9EE100EC12}.Debug|Any CPU.ActiveCfg = Debug|Any CPU
		{A05DFB4E-6776-4CD1-8C86-6D9EE100EC12}.Debug|Any CPU.Build.0 = Debug|Any CPU
		{A05DFB4E-6776-4CD1-8C86-6D9EE100EC12}.Release|Any CPU.ActiveCfg = Release|Any CPU
		{A05DFB4E-6776-4CD1-8C86-6D9EE100EC12}.Release|Any CPU.Build.0 = Release|Any CPU
		{A0435338-44B9-4983-939D-2F471230E117}.Debug|Any CPU.ActiveCfg = Debug|Any CPU
		{A0435338-44B9-4983-939D-2F471230E117}.Debug|Any CPU.Build.0 = Debug|Any CPU
		{A0435338-44B9-4983-939D-2F471230E117}.Release|Any CPU.ActiveCfg = Release|Any CPU
		{A0435338-44B9-4983-939D-2F471230E117}.Release|Any CPU.Build.0 = Release|Any CPU
		{02B403F3-41AC-44AB-A523-445DA11DB923}.Debug|Any CPU.ActiveCfg = Debug|Any CPU
		{02B403F3-41AC-44AB-A523-445DA11DB923}.Debug|Any CPU.Build.0 = Debug|Any CPU
		{02B403F3-41AC-44AB-A523-445DA11DB923}.Release|Any CPU.ActiveCfg = Release|Any CPU
		{02B403F3-41AC-44AB-A523-445DA11DB923}.Release|Any CPU.Build.0 = Release|Any CPU
		{D81AE2B7-BA54-4DF9-B502-2805DB8E3295}.Debug|Any CPU.ActiveCfg = Debug|Any CPU
		{D81AE2B7-BA54-4DF9-B502-2805DB8E3295}.Debug|Any CPU.Build.0 = Debug|Any CPU
		{D81AE2B7-BA54-4DF9-B502-2805DB8E3295}.Release|Any CPU.ActiveCfg = Release|Any CPU
		{D81AE2B7-BA54-4DF9-B502-2805DB8E3295}.Release|Any CPU.Build.0 = Release|Any CPU
		{860DF653-0617-423A-9C85-375D878C02F0}.Debug|Any CPU.ActiveCfg = Debug|Any CPU
		{860DF653-0617-423A-9C85-375D878C02F0}.Debug|Any CPU.Build.0 = Debug|Any CPU
		{860DF653-0617-423A-9C85-375D878C02F0}.Release|Any CPU.ActiveCfg = Release|Any CPU
		{860DF653-0617-423A-9C85-375D878C02F0}.Release|Any CPU.Build.0 = Release|Any CPU
	EndGlobalSection
	GlobalSection(SolutionProperties) = preSolution
		HideSolutionNode = FALSE
	EndGlobalSection
	GlobalSection(NestedProjects) = preSolution
		{BA3C8724-84A4-433E-A2E1-0D510EE4D0DE} = {6380085D-A94F-4826-8583-0E2743DE3FC4}
		{1809FC87-9634-4152-B56F-778F3B2E0328} = {6380085D-A94F-4826-8583-0E2743DE3FC4}
		{A05DFB4E-6776-4CD1-8C86-6D9EE100EC12} = {83CC50AB-3477-4E5B-A625-D09BD0207863}
		{A0435338-44B9-4983-939D-2F471230E117} = {83CC50AB-3477-4E5B-A625-D09BD0207863}
		{02B403F3-41AC-44AB-A523-445DA11DB923} = {E598A110-ABF3-4321-A803-33F213417344}
		{D81AE2B7-BA54-4DF9-B502-2805DB8E3295} = {E598A110-ABF3-4321-A803-33F213417344}
		{860DF653-0617-423A-9C85-375D878C02F0} = {E598A110-ABF3-4321-A803-33F213417344}
	EndGlobalSection
	GlobalSection(ExtensibilityGlobals) = postSolution
		SolutionGuid = {8C2B343B-5F8A-44B4-8114-14E112AEEE59}
	EndGlobalSection
EndGlobal
